
Microsoft Visual Studio Solution File, Format Version 12.00
Project("{FAE04EC0-301F-11D3-BF4B-00C04F79EFBC}") = "HNWebApi", "HNWebApi\HNWebApi.csproj", "{6E86D7D2-ED12-41AF-A0A0-BF90F8262BD8}"
EndProject
Project("{FAE04EC0-301F-11D3-BF4B-00C04F79EFBC}") = "HNWebApi.Tests", "HNWebApi.Tests\HNWebApi.Tests.csproj", "{CCDA851D-E686-4CC4-9733-7F14E28DB91F}"
EndProject
Global
	GlobalSection(SolutionConfigurationPlatforms) = preSolution
		Debug|Any CPU = Debug|Any CPU
		Release|Any CPU = Release|Any CPU
	EndGlobalSection
	GlobalSection(ProjectConfigurationPlatforms) = postSolution
		{6E86D7D2-ED12-41AF-A0A0-BF90F8262BD8}.Debug|Any CPU.ActiveCfg = Debug|Any CPU
		{6E86D7D2-ED12-41AF-A0A0-BF90F8262BD8}.Debug|Any CPU.Build.0 = Debug|Any CPU
		{6E86D7D2-ED12-41AF-A0A0-BF90F8262BD8}.Release|Any CPU.ActiveCfg = Release|Any CPU
		{6E86D7D2-ED12-41AF-A0A0-BF90F8262BD8}.Release|Any CPU.Build.0 = Release|Any CPU
		{CCDA851D-E686-4CC4-9733-7F14E28DB91F}.Debug|Any CPU.ActiveCfg = Debug|Any CPU
		{CCDA851D-E686-4CC4-9733-7F14E28DB91F}.Debug|Any CPU.Build.0 = Debug|Any CPU
		{CCDA851D-E686-4CC4-9733-7F14E28DB91F}.Release|Any CPU.ActiveCfg = Release|Any CPU
		{CCDA851D-E686-4CC4-9733-7F14E28DB91F}.Release|Any CPU.Build.0 = Release|Any CPU
	EndGlobalSection
EndGlobal
